
Microsoft Visual Studio Solution File, Format Version 12.00
# Visual Studio Version 17
VisualStudioVersion = 17.2.32630.192
MinimumVisualStudioVersion = 10.0.40219.1
Project("{FAE04EC0-301F-11D3-BF4B-00C04F79EFBC}") = "OdeToFood.Web", "OdoToFood.Web\OdeToFood.Web.csproj", "{37EEC0E2-4544-4A31-BB15-54B447B64685}"
EndProject
Project("{FAE04EC0-301F-11D3-BF4B-00C04F79EFBC}") = "OdeToFood.Data", "OdeToFood.Data\OdeToFood.Data.csproj", "{99F3D831-950C-49B3-A0B1-55EAA1A20A96}"
EndProject
Global
	GlobalSection(SolutionConfigurationPlatforms) = preSolution
		Debug|Any CPU = Debug|Any CPU
		Release|Any CPU = Release|Any CPU
	EndGlobalSection
	GlobalSection(ProjectConfigurationPlatforms) = postSolution
		{37EEC0E2-4544-4A31-BB15-54B447B64685}.Debug|Any CPU.ActiveCfg = Debug|Any CPU
		{37EEC0E2-4544-4A31-BB15-54B447B64685}.Debug|Any CPU.Build.0 = Debug|Any CPU
		{37EEC0E2-4544-4A31-BB15-54B447B64685}.Release|Any CPU.ActiveCfg = Release|Any CPU
		{37EEC0E2-4544-4A31-BB15-54B447B64685}.Release|Any CPU.Build.0 = Release|Any CPU
		{99F3D831-950C-49B3-A0B1-55EAA1A20A96}.Debug|Any CPU.ActiveCfg = Debug|Any CPU
		{99F3D831-950C-49B3-A0B1-55EAA1A20A96}.Debug|Any CPU.Build.0 = Debug|Any CPU
		{99F3D831-950C-49B3-A0B1-55EAA1A20A96}.Release|Any CPU.ActiveCfg = Release|Any CPU
		{99F3D831-950C-49B3-A0B1-55EAA1A20A96}.Release|Any CPU.Build.0 = Release|Any CPU
	EndGlobalSection
	GlobalSection(SolutionProperties) = preSolution
		HideSolutionNode = FALSE
	EndGlobalSection
	GlobalSection(ExtensibilityGlobals) = postSolution
		SolutionGuid = {440F127A-F464-4263-AA40-974C55F722EF}
	EndGlobalSection
EndGlobal
